
Microsoft Visual Studio Solution File, Format Version 12.00
# Visual Studio Version 16
VisualStudioVersion = 25.0.1705.3
MinimumVisualStudioVersion = 10.0.40219.1
Project("{FAE04EC0-301F-11D3-BF4B-00C04F79EFBC}") = "Trivia", "Trivia.csproj", "{B5E32954-1B1F-445A-B892-B2A332FEDA36}"
EndProject
Global
	GlobalSection(SolutionConfigurationPlatforms) = preSolution
		Debug|Any CPU = Debug|Any CPU
		Release|Any CPU = Release|Any CPU
	EndGlobalSection
	GlobalSection(ProjectConfigurationPlatforms) = postSolution
		{B5E32954-1B1F-445A-B892-B2A332FEDA36}.Debug|Any CPU.ActiveCfg = Debug|Any CPU
		{B5E32954-1B1F-445A-B892-B2A332FEDA36}.Debug|Any CPU.Build.0 = Debug|Any CPU
		{B5E32954-1B1F-445A-B892-B2A332FEDA36}.Release|Any CPU.ActiveCfg = Release|Any CPU
		{B5E32954-1B1F-445A-B892-B2A332FEDA36}.Release|Any CPU.Build.0 = Release|Any CPU
		{36060CCC-4410-40C2-AD10-18CC185BFC04}.Debug|Any CPU.ActiveCfg = Debug|Any CPU
		{36060CCC-4410-40C2-AD10-18CC185BFC04}.Debug|Any CPU.Build.0 = Debug|Any CPU
		{36060CCC-4410-40C2-AD10-18CC185BFC04}.Release|Any CPU.ActiveCfg = Release|Any CPU
		{36060CCC-4410-40C2-AD10-18CC185BFC04}.Release|Any CPU.Build.0 = Release|Any CPU
	EndGlobalSection
	GlobalSection(SolutionProperties) = preSolution
		HideSolutionNode = FALSE
	EndGlobalSection
	GlobalSection(ExtensibilityGlobals) = postSolution
		SolutionGuid = {B4447A30-C8A9-4222-A55F-35088D3544D7}
	EndGlobalSection
EndGlobal
